
Microsoft Visual Studio Solution File, Format Version 12.00
# Visual Studio 15
VisualStudioVersion = 15.0.28307.572
MinimumVisualStudioVersion = 10.0.40219.1
Project("{FAE04EC0-301F-11D3-BF4B-00C04F79EFBC}") = "LamastiBotte.Core", "LamastiBotte.Core\LamastiBotte.Core.csproj", "{1CEC857B-F7D4-4929-9154-CFFF03DE2E9F}"
EndProject
Project("{9A19103F-16F7-4668-BE54-9A1E7A4F7556}") = "LamastiBotte.Core.Test", "LamastiBotte.Core.Test\LamastiBotte.Core.Test.csproj", "{4DF8C5FF-6922-463F-B685-D15E61529982}"
EndProject
Project("{00D1A9C2-B5F0-4AF3-8072-F6C62B433612}") = "LamastiBotte.DataBase", "LamastiBotte.DataBase\LamastiBotte.DataBase.sqlproj", "{0478C72B-AA66-4E0B-B885-D25D965F16AD}"
EndProject
Global
	GlobalSection(SolutionConfigurationPlatforms) = preSolution
		Debug|Any CPU = Debug|Any CPU
		Release|Any CPU = Release|Any CPU
	EndGlobalSection
	GlobalSection(ProjectConfigurationPlatforms) = postSolution
		{1CEC857B-F7D4-4929-9154-CFFF03DE2E9F}.Debug|Any CPU.ActiveCfg = Debug|Any CPU
		{1CEC857B-F7D4-4929-9154-CFFF03DE2E9F}.Debug|Any CPU.Build.0 = Debug|Any CPU
		{1CEC857B-F7D4-4929-9154-CFFF03DE2E9F}.Release|Any CPU.ActiveCfg = Release|Any CPU
		{1CEC857B-F7D4-4929-9154-CFFF03DE2E9F}.Release|Any CPU.Build.0 = Release|Any CPU
		{4DF8C5FF-6922-463F-B685-D15E61529982}.Debug|Any CPU.ActiveCfg = Debug|Any CPU
		{4DF8C5FF-6922-463F-B685-D15E61529982}.Debug|Any CPU.Build.0 = Debug|Any CPU
		{4DF8C5FF-6922-463F-B685-D15E61529982}.Release|Any CPU.ActiveCfg = Release|Any CPU
		{4DF8C5FF-6922-463F-B685-D15E61529982}.Release|Any CPU.Build.0 = Release|Any CPU
		{0478C72B-AA66-4E0B-B885-D25D965F16AD}.Debug|Any CPU.ActiveCfg = Debug|Any CPU
		{0478C72B-AA66-4E0B-B885-D25D965F16AD}.Debug|Any CPU.Build.0 = Debug|Any CPU
		{0478C72B-AA66-4E0B-B885-D25D965F16AD}.Debug|Any CPU.Deploy.0 = Debug|Any CPU
		{0478C72B-AA66-4E0B-B885-D25D965F16AD}.Release|Any CPU.ActiveCfg = Release|Any CPU
		{0478C72B-AA66-4E0B-B885-D25D965F16AD}.Release|Any CPU.Build.0 = Release|Any CPU
		{0478C72B-AA66-4E0B-B885-D25D965F16AD}.Release|Any CPU.Deploy.0 = Release|Any CPU
	EndGlobalSection
	GlobalSection(SolutionProperties) = preSolution
		HideSolutionNode = FALSE
	EndGlobalSection
	GlobalSection(ExtensibilityGlobals) = postSolution
		SolutionGuid = {54A5F15B-16C3-4ADD-AAF1-16FB46C2918E}
	EndGlobalSection
EndGlobal
